{
  "name": "virtual-bg",
  "version": "0.0.43",
  "lockfileVersion": 2,
  "requires": true,
  "packages": {
    "": {
      "version": "0.0.43",
      "license": "ISC",
      "dependencies": {
        "@mediapipe/selfie_segmentation": "^0.1.1629494320"
      }
    },
    "node_modules/@mediapipe/selfie_segmentation": {
      "version": "0.1.1629494320",
      "resolved": "https://registry.npmjs.org/@mediapipe/selfie_segmentation/-/selfie_segmentation-0.1.1629494320.tgz",
      "integrity": "sha512-D3Ap13awSSkP2H+4DQse74H1KwVTN/P2QfdvB0FXL5+9C+uz4YGWB9aRHnBHsbk0ISO9LGJnbDn9iw16WPYTKQ=="
    }
  },
  "dependencies": {
    "@mediapipe/selfie_segmentation": {
      "version": "0.1.1629494320",
      "resolved": "https://registry.npmjs.org/@mediapipe/selfie_segmentation/-/selfie_segmentation-0.1.1629494320.tgz",
      "integrity": "sha512-D3Ap13awSSkP2H+4DQse74H1KwVTN/P2QfdvB0FXL5+9C+uz4YGWB9aRHnBHsbk0ISO9LGJnbDn9iw16WPYTKQ=="
    }
  }
}
